
Microsoft Visual Studio Solution File, Format Version 12.00
# Visual Studio Version 17
VisualStudioVersion = 17.0.31903.59
MinimumVisualStudioVersion = 10.0.40219.1
Project("{9A19103F-16F7-4668-BE54-9A1E7A4F7556}") = "MLTrainer", "MLTrainer.csproj", "{31C5A536-C95A-42D9-8244-B99D776B6C98}"
EndProject
Global
	GlobalSection(SolutionConfigurationPlatforms) = preSolution
		Debug|Any CPU = Debug|Any CPU
		Release|Any CPU = Release|Any CPU
	EndGlobalSection
	GlobalSection(ProjectConfigurationPlatforms) = postSolution
		{31C5A536-C95A-42D9-8244-B99D776B6C98}.Debug|Any CPU.ActiveCfg = Debug|Any CPU
		{31C5A536-C95A-42D9-8244-B99D776B6C98}.Debug|Any CPU.Build.0 = Debug|Any CPU
		{31C5A536-C95A-42D9-8244-B99D776B6C98}.Release|Any CPU.ActiveCfg = Release|Any CPU
		{31C5A536-C95A-42D9-8244-B99D776B6C98}.Release|Any CPU.Build.0 = Release|Any CPU
	EndGlobalSection
	GlobalSection(SolutionProperties) = preSolution
		HideSolutionNode = FALSE
	EndGlobalSection
	GlobalSection(ExtensibilityGlobals) = postSolution
		SolutionGuid = {E675DA39-D0A4-4A9B-ABE0-C08572B39238}
	EndGlobalSection
EndGlobal
